// !$*UTF8*$!
{
	archiveVersion = 1;
	classes = {
	};
	objectVersion = 51;
	objects = {

/* Begin PBXBuildFile section */
		A412110724CFD84D00B4C7B2 /* NewsRollItem.swift in Sources */ = {isa = PBXBuildFile; fileRef = A412110624CFD84D00B4C7B2 /* NewsRollItem.swift */; };
		A414CB0F24CC4C7500713814 /* Picture.swift in Sources */ = {isa = PBXBuildFile; fileRef = A414CB0E24CC4C7500713814 /* Picture.swift */; };
		A431567224CDB1E00087EEB8 /* ShoppingCart.json in Resources */ = {isa = PBXBuildFile; fileRef = A431567124CDB1E00087EEB8 /* ShoppingCart.json */; };
		A4465FA924CD36FC00D1DC00 /* BurgerMenu.json in Resources */ = {isa = PBXBuildFile; fileRef = A4465FA824CD36FC00D1DC00 /* BurgerMenu.json */; };
		A4465FAF24CD4E4300D1DC00 /* FirebaseReference.swift in Sources */ = {isa = PBXBuildFile; fileRef = A4465FAE24CD4E4300D1DC00 /* FirebaseReference.swift */; };
		A4465FB124CD517B00D1DC00 /* Constants.swift in Sources */ = {isa = PBXBuildFile; fileRef = A4465FB024CD517B00D1DC00 /* Constants.swift */; };
		A4465FB524CD665300D1DC00 /* LottieButtonView.swift in Sources */ = {isa = PBXBuildFile; fileRef = A4465FB424CD665300D1DC00 /* LottieButtonView.swift */; };
		A4465FBB24CD78AA00D1DC00 /* Extensions.swift in Sources */ = {isa = PBXBuildFile; fileRef = A4465FBA24CD78A900D1DC00 /* Extensions.swift */; };
		A462710524CE92AA000B8AA0 /* PictureItem.swift in Sources */ = {isa = PBXBuildFile; fileRef = A462710424CE92AA000B8AA0 /* PictureItem.swift */; };
		A462710724CE9948000B8AA0 /* PictureRow.swift in Sources */ = {isa = PBXBuildFile; fileRef = A462710624CE9947000B8AA0 /* PictureRow.swift */; };
		A4818D0024CEB9F000F1DB6F /* PictureListeners.swift in Sources */ = {isa = PBXBuildFile; fileRef = A4818CFF24CEB9F000F1DB6F /* PictureListeners.swift */; };
		A4A3BC5E24CFEF2500E9FC63 /* AsketNarrow-Light.ttf in Resources */ = {isa = PBXBuildFile; fileRef = A4A3BC5D24CFEF2500E9FC63 /* AsketNarrow-Light.ttf */; };
		A4A3BC6024CFF05E00E9FC63 /* AsketExtended-Light.ttf in Resources */ = {isa = PBXBuildFile; fileRef = A4A3BC5F24CFF05E00E9FC63 /* AsketExtended-Light.ttf */; };
		A4BDF35524CBEBF3000745D7 /* AppDelegate.swift in Sources */ = {isa = PBXBuildFile; fileRef = A4BDF35424CBEBF3000745D7 /* AppDelegate.swift */; };
		A4BDF35724CBEBF3000745D7 /* SceneDelegate.swift in Sources */ = {isa = PBXBuildFile; fileRef = A4BDF35624CBEBF3000745D7 /* SceneDelegate.swift */; };
		A4BDF35924CBEBF4000745D7 /* HomeView.swift in Sources */ = {isa = PBXBuildFile; fileRef = A4BDF35824CBEBF4000745D7 /* HomeView.swift */; };
		A4BDF35B24CBEBF5000745D7 /* Assets.xcassets in Resources */ = {isa = PBXBuildFile; fileRef = A4BDF35A24CBEBF5000745D7 /* Assets.xcassets */; };
		A4BDF35E24CBEBF5000745D7 /* Preview Assets.xcassets in Resources */ = {isa = PBXBuildFile; fileRef = A4BDF35D24CBEBF5000745D7 /* Preview Assets.xcassets */; };
		A4BDF36124CBEBF5000745D7 /* LaunchScreen.storyboard in Resources */ = {isa = PBXBuildFile; fileRef = A4BDF35F24CBEBF5000745D7 /* LaunchScreen.storyboard */; };
		A4BDF36C24CBEBF5000745D7 /* SampleDEVTests.swift in Sources */ = {isa = PBXBuildFile; fileRef = A4BDF36B24CBEBF5000745D7 /* SampleDEVTests.swift */; };
		A4BDF37724CBEBF5000745D7 /* SampleDEVUITests.swift in Sources */ = {isa = PBXBuildFile; fileRef = A4BDF37624CBEBF5000745D7 /* SampleDEVUITests.swift */; };
		A4BDF38524CBECB2000745D7 /* GoogleService-Info.plist in Resources */ = {isa = PBXBuildFile; fileRef = A4BDF38424CBECB2000745D7 /* GoogleService-Info.plist */; };
		A4F5F33F24E501C600CA49DE /* Favorites.swift in Sources */ = {isa = PBXBuildFile; fileRef = A4F5F33E24E501C600CA49DE /* Favorites.swift */; };
		A4F5F34124E506E900CA49DE /* News.swift in Sources */ = {isa = PBXBuildFile; fileRef = A4F5F34024E506E900CA49DE /* News.swift */; };
		A4F5F34324E513A500CA49DE /* NewsRollRow.swift in Sources */ = {isa = PBXBuildFile; fileRef = A4F5F34224E513A500CA49DE /* NewsRollRow.swift */; };
		A4FF2BB024E3908400504BF3 /* PictureDetail.swift in Sources */ = {isa = PBXBuildFile; fileRef = A4FF2BAF24E3908400504BF3 /* PictureDetail.swift */; };
		A4FF2BB224E3A4BC00504BF3 /* OrderBasket.swift in Sources */ = {isa = PBXBuildFile; fileRef = A4FF2BB124E3A4BC00504BF3 /* OrderBasket.swift */; };
		A4FF2BB424E3A54600504BF3 /* Order.swift in Sources */ = {isa = PBXBuildFile; fileRef = A4FF2BB324E3A54600504BF3 /* Order.swift */; };
		A4FF2BB624E3A5ED00504BF3 /* FUser.swift in Sources */ = {isa = PBXBuildFile; fileRef = A4FF2BB524E3A5ED00504BF3 /* FUser.swift */; };
		A4FF2BB924E3A84600504BF3 /* FinishRegistrationView.swift in Sources */ = {isa = PBXBuildFile; fileRef = A4FF2BB724E3A84600504BF3 /* FinishRegistrationView.swift */; };
		A4FF2BBA24E3A84600504BF3 /* LoginView.swift in Sources */ = {isa = PBXBuildFile; fileRef = A4FF2BB824E3A84600504BF3 /* LoginView.swift */; };
		A4FF2BBC24E3A8D300504BF3 /* OrderBasketView.swift in Sources */ = {isa = PBXBuildFile; fileRef = A4FF2BBB24E3A8D300504BF3 /* OrderBasketView.swift */; };
		A4FF2BBE24E3A94B00504BF3 /* BasketListener.swift in Sources */ = {isa = PBXBuildFile; fileRef = A4FF2BBD24E3A94B00504BF3 /* BasketListener.swift */; };
		A4FF2BC024E3AA6100504BF3 /* CheckoutView.swift in Sources */ = {isa = PBXBuildFile; fileRef = A4FF2BBF24E3AA6100504BF3 /* CheckoutView.swift */; };
		FF012D09E42D27B6F93F7F72 /* Pods_SampleDEV.framework in Frameworks */ = {isa = PBXBuildFile; fileRef = C6C246E7D45F2AAFCDA93872 /* Pods_SampleDEV.framework */; };
/* End PBXBuildFile section */

/* Begin PBXContainerItemProxy section */
		A4BDF36824CBEBF5000745D7 /* PBXContainerItemProxy */ = {
			isa = PBXContainerItemProxy;
			containerPortal = A4BDF34924CBEBF3000745D7 /* Project object */;
			proxyType = 1;
			remoteGlobalIDString = A4BDF35024CBEBF3000745D7;
			remoteInfo = SampleDEV;
		};
		A4BDF37324CBEBF5000745D7 /* PBXContainerItemProxy */ = {
			isa = PBXContainerItemProxy;
			containerPortal = A4BDF34924CBEBF3000745D7 /* Project object */;
			proxyType = 1;
			remoteGlobalIDString = A4BDF35024CBEBF3000745D7;
			remoteInfo = SampleDEV;
		};
/* End PBXContainerItemProxy section */

/* Begin PBXFileReference section */
		8A2205BCBEBFB1D79D036198 /* Pods-SampleDEV.debug.xcconfig */ = {isa = PBXFileReference; includeInIndex = 1; lastKnownFileType = text.xcconfig; name = "Pods-SampleDEV.debug.xcconfig"; path = "Target Support Files/Pods-SampleDEV/Pods-SampleDEV.debug.xcconfig"; sourceTree = "<group>"; };
		A412110624CFD84D00B4C7B2 /* NewsRollItem.swift */ = {isa = PBXFileReference; lastKnownFileType = sourcecode.swift; path = NewsRollItem.swift; sourceTree = "<group>"; };
		A414CB0E24CC4C7500713814 /* Picture.swift */ = {isa = PBXFileReference; lastKnownFileType = sourcecode.swift; path = Picture.swift; sourceTree = "<group>"; };
		A431567124CDB1E00087EEB8 /* ShoppingCart.json */ = {isa = PBXFileReference; fileEncoding = 4; lastKnownFileType = text.json; path = ShoppingCart.json; sourceTree = "<group>"; };
		A4465FA824CD36FC00D1DC00 /* BurgerMenu.json */ = {isa = PBXFileReference; fileEncoding = 4; lastKnownFileType = text.json; path = BurgerMenu.json; sourceTree = "<group>"; };
		A4465FAE24CD4E4300D1DC00 /* FirebaseReference.swift */ = {isa = PBXFileReference; lastKnownFileType = sourcecode.swift; path = FirebaseReference.swift; sourceTree = "<group>"; };
		A4465FB024CD517B00D1DC00 /* Constants.swift */ = {isa = PBXFileReference; lastKnownFileType = sourcecode.swift; path = Constants.swift; sourceTree = "<group>"; };
		A4465FB424CD665300D1DC00 /* LottieButtonView.swift */ = {isa = PBXFileReference; fileEncoding = 4; lastKnownFileType = sourcecode.swift; path = LottieButtonView.swift; sourceTree = "<group>"; };
		A4465FBA24CD78A900D1DC00 /* Extensions.swift */ = {isa = PBXFileReference; lastKnownFileType = sourcecode.swift; path = Extensions.swift; sourceTree = "<group>"; };
		A462710424CE92AA000B8AA0 /* PictureItem.swift */ = {isa = PBXFileReference; lastKnownFileType = sourcecode.swift; path = PictureItem.swift; sourceTree = "<group>"; };
		A462710624CE9947000B8AA0 /* PictureRow.swift */ = {isa = PBXFileReference; lastKnownFileType = sourcecode.swift; path = PictureRow.swift; sourceTree = "<group>"; };
		A4818CFF24CEB9F000F1DB6F /* PictureListeners.swift */ = {isa = PBXFileReference; lastKnownFileType = sourcecode.swift; path = PictureListeners.swift; sourceTree = "<group>"; };
		A4A3BC5D24CFEF2500E9FC63 /* AsketNarrow-Light.ttf */ = {isa = PBXFileReference; lastKnownFileType = file; path = "AsketNarrow-Light.ttf"; sourceTree = "<group>"; };
		A4A3BC5F24CFF05E00E9FC63 /* AsketExtended-Light.ttf */ = {isa = PBXFileReference; lastKnownFileType = file; path = "AsketExtended-Light.ttf"; sourceTree = "<group>"; };
		A4BDF35124CBEBF3000745D7 /* SampleDEV.app */ = {isa = PBXFileReference; explicitFileType = wrapper.application; includeInIndex = 0; path = SampleDEV.app; sourceTree = BUILT_PRODUCTS_DIR; };
		A4BDF35424CBEBF3000745D7 /* AppDelegate.swift */ = {isa = PBXFileReference; lastKnownFileType = sourcecode.swift; path = AppDelegate.swift; sourceTree = "<group>"; };
		A4BDF35624CBEBF3000745D7 /* SceneDelegate.swift */ = {isa = PBXFileReference; lastKnownFileType = sourcecode.swift; path = SceneDelegate.swift; sourceTree = "<group>"; };
		A4BDF35824CBEBF4000745D7 /* HomeView.swift */ = {isa = PBXFileReference; lastKnownFileType = sourcecode.swift; path = HomeView.swift; sourceTree = "<group>"; };
		A4BDF35A24CBEBF5000745D7 /* Assets.xcassets */ = {isa = PBXFileReference; lastKnownFileType = folder.assetcatalog; path = Assets.xcassets; sourceTree = "<group>"; };
		A4BDF35D24CBEBF5000745D7 /* Preview Assets.xcassets */ = {isa = PBXFileReference; lastKnownFileType = folder.assetcatalog; path = "Preview Assets.xcassets"; sourceTree = "<group>"; };
		A4BDF36024CBEBF5000745D7 /* Base */ = {isa = PBXFileReference; lastKnownFileType = file.storyboard; name = Base; path = Base.lproj/LaunchScreen.storyboard; sourceTree = "<group>"; };
		A4BDF36224CBEBF5000745D7 /* Info.plist */ = {isa = PBXFileReference; lastKnownFileType = text.plist.xml; path = Info.plist; sourceTree = "<group>"; };
		A4BDF36724CBEBF5000745D7 /* SampleDEVTests.xctest */ = {isa = PBXFileReference; explicitFileType = wrapper.cfbundle; includeInIndex = 0; path = SampleDEVTests.xctest; sourceTree = BUILT_PRODUCTS_DIR; };
		A4BDF36B24CBEBF5000745D7 /* SampleDEVTests.swift */ = {isa = PBXFileReference; lastKnownFileType = sourcecode.swift; path = SampleDEVTests.swift; sourceTree = "<group>"; };
		A4BDF36D24CBEBF5000745D7 /* Info.plist */ = {isa = PBXFileReference; lastKnownFileType = text.plist.xml; path = Info.plist; sourceTree = "<group>"; };
		A4BDF37224CBEBF5000745D7 /* SampleDEVUITests.xctest */ = {isa = PBXFileReference; explicitFileType = wrapper.cfbundle; includeInIndex = 0; path = SampleDEVUITests.xctest; sourceTree = BUILT_PRODUCTS_DIR; };
		A4BDF37624CBEBF5000745D7 /* SampleDEVUITests.swift */ = {isa = PBXFileReference; lastKnownFileType = sourcecode.swift; path = SampleDEVUITests.swift; sourceTree = "<group>"; };
		A4BDF37824CBEBF5000745D7 /* Info.plist */ = {isa = PBXFileReference; lastKnownFileType = text.plist.xml; path = Info.plist; sourceTree = "<group>"; };
		A4BDF38424CBECB2000745D7 /* GoogleService-Info.plist */ = {isa = PBXFileReference; fileEncoding = 4; lastKnownFileType = text.plist.xml; path = "GoogleService-Info.plist"; sourceTree = "<group>"; };
		A4F5F33E24E501C600CA49DE /* Favorites.swift */ = {isa = PBXFileReference; lastKnownFileType = sourcecode.swift; path = Favorites.swift; sourceTree = "<group>"; };
		A4F5F34024E506E900CA49DE /* News.swift */ = {isa = PBXFileReference; lastKnownFileType = sourcecode.swift; path = News.swift; sourceTree = "<group>"; };
		A4F5F34224E513A500CA49DE /* NewsRollRow.swift */ = {isa = PBXFileReference; lastKnownFileType = sourcecode.swift; path = NewsRollRow.swift; sourceTree = "<group>"; };
		A4FF2BAF24E3908400504BF3 /* PictureDetail.swift */ = {isa = PBXFileReference; lastKnownFileType = sourcecode.swift; path = PictureDetail.swift; sourceTree = "<group>"; };
		A4FF2BB124E3A4BC00504BF3 /* OrderBasket.swift */ = {isa = PBXFileReference; fileEncoding = 4; lastKnownFileType = sourcecode.swift; path = OrderBasket.swift; sourceTree = "<group>"; };
		A4FF2BB324E3A54600504BF3 /* Order.swift */ = {isa = PBXFileReference; lastKnownFileType = sourcecode.swift; path = Order.swift; sourceTree = "<group>"; };
		A4FF2BB524E3A5ED00504BF3 /* FUser.swift */ = {isa = PBXFileReference; fileEncoding = 4; lastKnownFileType = sourcecode.swift; path = FUser.swift; sourceTree = "<group>"; };
		A4FF2BB724E3A84600504BF3 /* FinishRegistrationView.swift */ = {isa = PBXFileReference; fileEncoding = 4; lastKnownFileType = sourcecode.swift; path = FinishRegistrationView.swift; sourceTree = "<group>"; };
		A4FF2BB824E3A84600504BF3 /* LoginView.swift */ = {isa = PBXFileReference; fileEncoding = 4; lastKnownFileType = sourcecode.swift; path = LoginView.swift; sourceTree = "<group>"; };
		A4FF2BBB24E3A8D300504BF3 /* OrderBasketView.swift */ = {isa = PBXFileReference; fileEncoding = 4; lastKnownFileType = sourcecode.swift; path = OrderBasketView.swift; sourceTree = "<group>"; };
		A4FF2BBD24E3A94B00504BF3 /* BasketListener.swift */ = {isa = PBXFileReference; fileEncoding = 4; lastKnownFileType = sourcecode.swift; path = BasketListener.swift; sourceTree = "<group>"; };
		A4FF2BBF24E3AA6100504BF3 /* CheckoutView.swift */ = {isa = PBXFileReference; fileEncoding = 4; lastKnownFileType = sourcecode.swift; path = CheckoutView.swift; sourceTree = "<group>"; };
		C6C246E7D45F2AAFCDA93872 /* Pods_SampleDEV.framework */ = {isa = PBXFileReference; explicitFileType = wrapper.framework; includeInIndex = 0; path = Pods_SampleDEV.framework; sourceTree = BUILT_PRODUCTS_DIR; };
		F0726E4D21299B9C3CCA6EF3 /* Pods-SampleDEV.release.xcconfig */ = {isa = PBXFileReference; includeInIndex = 1; lastKnownFileType = text.xcconfig; name = "Pods-SampleDEV.release.xcconfig"; path = "Target Support Files/Pods-SampleDEV/Pods-SampleDEV.release.xcconfig"; sourceTree = "<group>"; };
/* End PBXFileReference section */

/* Begin PBXFrameworksBuildPhase section */
		A4BDF34E24CBEBF3000745D7 /* Frameworks */ = {
			isa = PBXFrameworksBuildPhase;
			buildActionMask = 2147483647;
			files = (
				FF012D09E42D27B6F93F7F72 /* Pods_SampleDEV.framework in Frameworks */,
			);
			runOnlyForDeploymentPostprocessing = 0;
		};
		A4BDF36424CBEBF5000745D7 /* Frameworks */ = {
			isa = PBXFrameworksBuildPhase;
			buildActionMask = 2147483647;
			files = (
			);
			runOnlyForDeploymentPostprocessing = 0;
		};
		A4BDF36F24CBEBF5000745D7 /* Frameworks */ = {
			isa = PBXFrameworksBuildPhase;
			buildActionMask = 2147483647;
			files = (
			);
			runOnlyForDeploymentPostprocessing = 0;
		};
/* End PBXFrameworksBuildPhase section */

/* Begin PBXGroup section */
		A4465FA724CD367C00D1DC00 /* Lottie */ = {
			isa = PBXGroup;
			children = (
				A431567124CDB1E00087EEB8 /* ShoppingCart.json */,
				A4465FA824CD36FC00D1DC00 /* BurgerMenu.json */,
			);
			path = Lottie;
			sourceTree = "<group>";
		};
		A4465FB224CD604E00D1DC00 /* Helpers */ = {
			isa = PBXGroup;
			children = (
				A4465FB424CD665300D1DC00 /* LottieButtonView.swift */,
				A4465FAE24CD4E4300D1DC00 /* FirebaseReference.swift */,
				A4465FBA24CD78A900D1DC00 /* Extensions.swift */,
				A4465FB024CD517B00D1DC00 /* Constants.swift */,
			);
			path = Helpers;
			sourceTree = "<group>";
		};
		A4465FB324CD607800D1DC00 /* Model */ = {
			isa = PBXGroup;
			children = (
				A4FF2BB124E3A4BC00504BF3 /* OrderBasket.swift */,
				A4FF2BB324E3A54600504BF3 /* Order.swift */,
				A414CB0E24CC4C7500713814 /* Picture.swift */,
				A4F5F34024E506E900CA49DE /* News.swift */,
				A4F5F33E24E501C600CA49DE /* Favorites.swift */,
			);
			path = Model;
			sourceTree = "<group>";
		};
		A4818D0124CEB9FA00F1DB6F /* Firebase Listeners */ = {
			isa = PBXGroup;
			children = (
				A4FF2BBD24E3A94B00504BF3 /* BasketListener.swift */,
				A4818CFF24CEB9F000F1DB6F /* PictureListeners.swift */,
			);
			path = "Firebase Listeners";
			sourceTree = "<group>";
		};
		A4A3BC5C24CFEEEC00E9FC63 /* Fonts */ = {
			isa = PBXGroup;
			children = (
				A4A3BC5F24CFF05E00E9FC63 /* AsketExtended-Light.ttf */,
				A4A3BC5D24CFEF2500E9FC63 /* AsketNarrow-Light.ttf */,
			);
			path = Fonts;
			sourceTree = "<group>";
		};
		A4BDF34824CBEBF3000745D7 = {
			isa = PBXGroup;
			children = (
				A4BDF35324CBEBF3000745D7 /* SampleDEV */,
				A4BDF36A24CBEBF5000745D7 /* SampleDEVTests */,
				A4BDF37524CBEBF5000745D7 /* SampleDEVUITests */,
				A4BDF35224CBEBF3000745D7 /* Products */,
				E412BF4AC4F71F2C9EC8216C /* Pods */,
				E50F64EE7C89F33FAE65922A /* Frameworks */,
			);
			sourceTree = "<group>";
		};
		A4BDF35224CBEBF3000745D7 /* Products */ = {
			isa = PBXGroup;
			children = (
				A4BDF35124CBEBF3000745D7 /* SampleDEV.app */,
				A4BDF36724CBEBF5000745D7 /* SampleDEVTests.xctest */,
				A4BDF37224CBEBF5000745D7 /* SampleDEVUITests.xctest */,
			);
			name = Products;
			sourceTree = "<group>";
		};
		A4BDF35324CBEBF3000745D7 /* SampleDEV */ = {
			isa = PBXGroup;
			children = (
				A4BDF35424CBEBF3000745D7 /* AppDelegate.swift */,
				A4BDF35624CBEBF3000745D7 /* SceneDelegate.swift */,
				A4BDF35824CBEBF4000745D7 /* HomeView.swift */,
				A462710424CE92AA000B8AA0 /* PictureItem.swift */,
				A462710624CE9947000B8AA0 /* PictureRow.swift */,
				A4FF2BAF24E3908400504BF3 /* PictureDetail.swift */,
				A4FF2BBB24E3A8D300504BF3 /* OrderBasketView.swift */,
				A4FF2BBF24E3AA6100504BF3 /* CheckoutView.swift */,
				A4FF2BB724E3A84600504BF3 /* FinishRegistrationView.swift */,
				A4FF2BB824E3A84600504BF3 /* LoginView.swift */,
				A412110624CFD84D00B4C7B2 /* NewsRollItem.swift */,
				A4F5F34224E513A500CA49DE /* NewsRollRow.swift */,
				A4FF2BB524E3A5ED00504BF3 /* FUser.swift */,
				A4465FB324CD607800D1DC00 /* Model */,
				A4818D0124CEB9FA00F1DB6F /* Firebase Listeners */,
				A4A3BC5C24CFEEEC00E9FC63 /* Fonts */,
				A4465FB224CD604E00D1DC00 /* Helpers */,
				A4465FA724CD367C00D1DC00 /* Lottie */,
				A4BDF35A24CBEBF5000745D7 /* Assets.xcassets */,
				A4BDF35F24CBEBF5000745D7 /* LaunchScreen.storyboard */,
				A4BDF36224CBEBF5000745D7 /* Info.plist */,
				A4BDF38424CBECB2000745D7 /* GoogleService-Info.plist */,
				A4BDF35C24CBEBF5000745D7 /* Preview Content */,
			);
			path = SampleDEV;
			sourceTree = "<group>";
		};
		A4BDF35C24CBEBF5000745D7 /* Preview Content */ = {
			isa = PBXGroup;
			children = (
				A4BDF35D24CBEBF5000745D7 /* Preview Assets.xcassets */,
			);
			path = "Preview Content";
			sourceTree = "<group>";
		};
		A4BDF36A24CBEBF5000745D7 /* SampleDEVTests */ = {
			isa = PBXGroup;
			children = (
				A4BDF36B24CBEBF5000745D7 /* SampleDEVTests.swift */,
				A4BDF36D24CBEBF5000745D7 /* Info.plist */,
			);
			path = SampleDEVTests;
			sourceTree = "<group>";
		};
		A4BDF37524CBEBF5000745D7 /* SampleDEVUITests */ = {
			isa = PBXGroup;
			children = (
				A4BDF37624CBEBF5000745D7 /* SampleDEVUITests.swift */,
				A4BDF37824CBEBF5000745D7 /* Info.plist */,
			);
			path = SampleDEVUITests;
			sourceTree = "<group>";
		};
		E412BF4AC4F71F2C9EC8216C /* Pods */ = {
			isa = PBXGroup;
			children = (
				8A2205BCBEBFB1D79D036198 /* Pods-SampleDEV.debug.xcconfig */,
				F0726E4D21299B9C3CCA6EF3 /* Pods-SampleDEV.release.xcconfig */,
			);
			path = Pods;
			sourceTree = "<group>";
		};
		E50F64EE7C89F33FAE65922A /* Frameworks */ = {
			isa = PBXGroup;
			children = (
				C6C246E7D45F2AAFCDA93872 /* Pods_SampleDEV.framework */,
			);
			name = Frameworks;
			sourceTree = "<group>";
		};
/* End PBXGroup section */

/* Begin PBXNativeTarget section */
		A4BDF35024CBEBF3000745D7 /* SampleDEV */ = {
			isa = PBXNativeTarget;
			buildConfigurationList = A4BDF37B24CBEBF5000745D7 /* Build configuration list for PBXNativeTarget "SampleDEV" */;
			buildPhases = (
				4900D8B329FCB70E7A126373 /* [CP] Check Pods Manifest.lock */,
				A4BDF34D24CBEBF3000745D7 /* Sources */,
				A4BDF34E24CBEBF3000745D7 /* Frameworks */,
				A4BDF34F24CBEBF3000745D7 /* Resources */,
				AE89B85C153A895CAE82AA89 /* [CP] Embed Pods Frameworks */,
			);
			buildRules = (
			);
			dependencies = (
			);
			name = SampleDEV;
			productName = SampleDEV;
			productReference = A4BDF35124CBEBF3000745D7 /* SampleDEV.app */;
			productType = "com.apple.product-type.application";
		};
		A4BDF36624CBEBF5000745D7 /* SampleDEVTests */ = {
			isa = PBXNativeTarget;
			buildConfigurationList = A4BDF37E24CBEBF5000745D7 /* Build configuration list for PBXNativeTarget "SampleDEVTests" */;
			buildPhases = (
				A4BDF36324CBEBF5000745D7 /* Sources */,
				A4BDF36424CBEBF5000745D7 /* Frameworks */,
				A4BDF36524CBEBF5000745D7 /* Resources */,
			);
			buildRules = (
			);
			dependencies = (
				A4BDF36924CBEBF5000745D7 /* PBXTargetDependency */,
			);
			name = SampleDEVTests;
			productName = SampleDEVTests;
			productReference = A4BDF36724CBEBF5000745D7 /* SampleDEVTests.xctest */;
			productType = "com.apple.product-type.bundle.unit-test";
		};
		A4BDF37124CBEBF5000745D7 /* SampleDEVUITests */ = {
			isa = PBXNativeTarget;
			buildConfigurationList = A4BDF38124CBEBF5000745D7 /* Build configuration list for PBXNativeTarget "SampleDEVUITests" */;
			buildPhases = (
				A4BDF36E24CBEBF5000745D7 /* Sources */,
				A4BDF36F24CBEBF5000745D7 /* Frameworks */,
				A4BDF37024CBEBF5000745D7 /* Resources */,
			);
			buildRules = (
			);
			dependencies = (
				A4BDF37424CBEBF5000745D7 /* PBXTargetDependency */,
			);
			name = SampleDEVUITests;
			productName = SampleDEVUITests;
			productReference = A4BDF37224CBEBF5000745D7 /* SampleDEVUITests.xctest */;
			productType = "com.apple.product-type.bundle.ui-testing";
		};
/* End PBXNativeTarget section */

/* Begin PBXProject section */
		A4BDF34924CBEBF3000745D7 /* Project object */ = {
			isa = PBXProject;
			attributes = {
				LastSwiftUpdateCheck = 1160;
				LastUpgradeCheck = 1160;
				ORGANIZATIONNAME = "Artyom Mihailovich";
				TargetAttributes = {
					A4BDF35024CBEBF3000745D7 = {
						CreatedOnToolsVersion = 11.6;
					};
					A4BDF36624CBEBF5000745D7 = {
						CreatedOnToolsVersion = 11.6;
						TestTargetID = A4BDF35024CBEBF3000745D7;
					};
					A4BDF37124CBEBF5000745D7 = {
						CreatedOnToolsVersion = 11.6;
						TestTargetID = A4BDF35024CBEBF3000745D7;
					};
				};
			};
			buildConfigurationList = A4BDF34C24CBEBF3000745D7 /* Build configuration list for PBXProject "SampleDEV" */;
			compatibilityVersion = "Xcode 9.3";
			developmentRegion = en;
			hasScannedForEncodings = 0;
			knownRegions = (
				en,
				Base,
			);
			mainGroup = A4BDF34824CBEBF3000745D7;
			productRefGroup = A4BDF35224CBEBF3000745D7 /* Products */;
			projectDirPath = "";
			projectRoot = "";
			targets = (
				A4BDF35024CBEBF3000745D7 /* SampleDEV */,
				A4BDF36624CBEBF5000745D7 /* SampleDEVTests */,
				A4BDF37124CBEBF5000745D7 /* SampleDEVUITests */,
			);
		};
/* End PBXProject section */

/* Begin PBXResourcesBuildPhase section */
		A4BDF34F24CBEBF3000745D7 /* Resources */ = {
			isa = PBXResourcesBuildPhase;
			buildActionMask = 2147483647;
			files = (
				A4BDF38524CBECB2000745D7 /* GoogleService-Info.plist in Resources */,
				A4A3BC6024CFF05E00E9FC63 /* AsketExtended-Light.ttf in Resources */,
				A4465FA924CD36FC00D1DC00 /* BurgerMenu.json in Resources */,
				A431567224CDB1E00087EEB8 /* ShoppingCart.json in Resources */,
				A4BDF36124CBEBF5000745D7 /* LaunchScreen.storyboard in Resources */,
				A4BDF35E24CBEBF5000745D7 /* Preview Assets.xcassets in Resources */,
				A4BDF35B24CBEBF5000745D7 /* Assets.xcassets in Resources */,
				A4A3BC5E24CFEF2500E9FC63 /* AsketNarrow-Light.ttf in Resources */,
			);
			runOnlyForDeploymentPostprocessing = 0;
		};
		A4BDF36524CBEBF5000745D7 /* Resources */ = {
			isa = PBXResourcesBuildPhase;
			buildActionMask = 2147483647;
			files = (
			);
			runOnlyForDeploymentPostprocessing = 0;
		};
		A4BDF37024CBEBF5000745D7 /* Resources */ = {
			isa = PBXResourcesBuildPhase;
			buildActionMask = 2147483647;
			files = (
			);
			runOnlyForDeploymentPostprocessing = 0;
		};
/* End PBXResourcesBuildPhase section */

/* Begin PBXShellScriptBuildPhase section */
		4900D8B329FCB70E7A126373 /* [CP] Check Pods Manifest.lock */ = {
			isa = PBXShellScriptBuildPhase;
			buildActionMask = 2147483647;
			files = (
			);
			inputFileListPaths = (
			);
			inputPaths = (
				"${PODS_PODFILE_DIR_PATH}/Podfile.lock",
				"${PODS_ROOT}/Manifest.lock",
			);
			name = "[CP] Check Pods Manifest.lock";
			outputFileListPaths = (
			);
			outputPaths = (
				"$(DERIVED_FILE_DIR)/Pods-SampleDEV-checkManifestLockResult.txt",
			);
			runOnlyForDeploymentPostprocessing = 0;
			shellPath = /bin/sh;
			shellScript = "diff \"${PODS_PODFILE_DIR_PATH}/Podfile.lock\" \"${PODS_ROOT}/Manifest.lock\" > /dev/null\nif [ $? != 0 ] ; then\n    # print error to STDERR\n    echo \"error: The sandbox is not in sync with the Podfile.lock. Run 'pod install' or update your CocoaPods installation.\" >&2\n    exit 1\nfi\n# This output is used by Xcode 'outputs' to avoid re-running this script phase.\necho \"SUCCESS\" > \"${SCRIPT_OUTPUT_FILE_0}\"\n";
			showEnvVarsInLog = 0;
		};
		AE89B85C153A895CAE82AA89 /* [CP] Embed Pods Frameworks */ = {
			isa = PBXShellScriptBuildPhase;
			buildActionMask = 2147483647;
			files = (
			);
			inputFileListPaths = (
				"${PODS_ROOT}/Target Support Files/Pods-SampleDEV/Pods-SampleDEV-frameworks-${CONFIGURATION}-input-files.xcfilelist",
			);
			name = "[CP] Embed Pods Frameworks";
			outputFileListPaths = (
				"${PODS_ROOT}/Target Support Files/Pods-SampleDEV/Pods-SampleDEV-frameworks-${CONFIGURATION}-output-files.xcfilelist",
			);
			runOnlyForDeploymentPostprocessing = 0;
			shellPath = /bin/sh;
			shellScript = "\"${PODS_ROOT}/Target Support Files/Pods-SampleDEV/Pods-SampleDEV-frameworks.sh\"\n";
			showEnvVarsInLog = 0;
		};
/* End PBXShellScriptBuildPhase section */

/* Begin PBXSourcesBuildPhase section */
		A4BDF34D24CBEBF3000745D7 /* Sources */ = {
			isa = PBXSourcesBuildPhase;
			buildActionMask = 2147483647;
			files = (
				A4FF2BB024E3908400504BF3 /* PictureDetail.swift in Sources */,
				A4F5F34124E506E900CA49DE /* News.swift in Sources */,
				A4465FAF24CD4E4300D1DC00 /* FirebaseReference.swift in Sources */,
				A4BDF35524CBEBF3000745D7 /* AppDelegate.swift in Sources */,
				A4465FB524CD665300D1DC00 /* LottieButtonView.swift in Sources */,
				A4465FBB24CD78AA00D1DC00 /* Extensions.swift in Sources */,
				A4F5F33F24E501C600CA49DE /* Favorites.swift in Sources */,
				A4FF2BB624E3A5ED00504BF3 /* FUser.swift in Sources */,
				A4FF2BBA24E3A84600504BF3 /* LoginView.swift in Sources */,
				A4818D0024CEB9F000F1DB6F /* PictureListeners.swift in Sources */,
				A4FF2BB424E3A54600504BF3 /* Order.swift in Sources */,
				A4FF2BB224E3A4BC00504BF3 /* OrderBasket.swift in Sources */,
				A4BDF35724CBEBF3000745D7 /* SceneDelegate.swift in Sources */,
				A4F5F34324E513A500CA49DE /* NewsRollRow.swift in Sources */,
				A412110724CFD84D00B4C7B2 /* NewsRollItem.swift in Sources */,
				A4BDF35924CBEBF4000745D7 /* HomeView.swift in Sources */,
				A4FF2BBE24E3A94B00504BF3 /* BasketListener.swift in Sources */,
				A414CB0F24CC4C7500713814 /* Picture.swift in Sources */,
				A462710724CE9948000B8AA0 /* PictureRow.swift in Sources */,
				A4FF2BB924E3A84600504BF3 /* FinishRegistrationView.swift in Sources */,
				A4FF2BC024E3AA6100504BF3 /* CheckoutView.swift in Sources */,
				A462710524CE92AA000B8AA0 /* PictureItem.swift in Sources */,
				A4465FB124CD517B00D1DC00 /* Constants.swift in Sources */,
				A4FF2BBC24E3A8D300504BF3 /* OrderBasketView.swift in Sources */,
			);
			runOnlyForDeploymentPostprocessing = 0;
		};
		A4BDF36324CBEBF5000745D7 /* Sources */ = {
			isa = PBXSourcesBuildPhase;
			buildActionMask = 2147483647;
			files = (
				A4BDF36C24CBEBF5000745D7 /* SampleDEVTests.swift in Sources */,
			);
			runOnlyForDeploymentPostprocessing = 0;
		};
		A4BDF36E24CBEBF5000745D7 /* Sources */ = {
			isa = PBXSourcesBuildPhase;
			buildActionMask = 2147483647;
			files = (
				A4BDF37724CBEBF5000745D7 /* SampleDEVUITests.swift in Sources */,
			);
			runOnlyForDeploymentPostprocessing = 0;
		};
/* End PBXSourcesBuildPhase section */

/* Begin PBXTargetDependency section */
		A4BDF36924CBEBF5000745D7 /* PBXTargetDependency */ = {
			isa = PBXTargetDependency;
			target = A4BDF35024CBEBF3000745D7 /* SampleDEV */;
			targetProxy = A4BDF36824CBEBF5000745D7 /* PBXContainerItemProxy */;
		};
		A4BDF37424CBEBF5000745D7 /* PBXTargetDependency */ = {
			isa = PBXTargetDependency;
			target = A4BDF35024CBEBF3000745D7 /* SampleDEV */;
			targetProxy = A4BDF37324CBEBF5000745D7 /* PBXContainerItemProxy */;
		};
/* End PBXTargetDependency section */

/* Begin PBXVariantGroup section */
		A4BDF35F24CBEBF5000745D7 /* LaunchScreen.storyboard */ = {
			isa = PBXVariantGroup;
			children = (
				A4BDF36024CBEBF5000745D7 /* Base */,
			);
			name = LaunchScreen.storyboard;
			sourceTree = "<group>";
		};
/* End PBXVariantGroup section */

/* Begin XCBuildConfiguration section */
		A4BDF37924CBEBF5000745D7 /* Debug */ = {
			isa = XCBuildConfiguration;
			buildSettings = {
				ALWAYS_SEARCH_USER_PATHS = NO;
				CLANG_ANALYZER_NONNULL = YES;
				CLANG_ANALYZER_NUMBER_OBJECT_CONVERSION = YES_AGGRESSIVE;
				CLANG_CXX_LANGUAGE_STANDARD = "gnu++14";
				CLANG_CXX_LIBRARY = "libc++";
				CLANG_ENABLE_MODULES = YES;
				CLANG_ENABLE_OBJC_ARC = YES;
				CLANG_ENABLE_OBJC_WEAK = YES;
				CLANG_WARN_BLOCK_CAPTURE_AUTORELEASING = YES;
				CLANG_WARN_BOOL_CONVERSION = YES;
				CLANG_WARN_COMMA = YES;
				CLANG_WARN_CONSTANT_CONVERSION = YES;
				CLANG_WARN_DEPRECATED_OBJC_IMPLEMENTATIONS = YES;
				CLANG_WARN_DIRECT_OBJC_ISA_USAGE = YES_ERROR;
				CLANG_WARN_DOCUMENTATION_COMMENTS = YES;
				CLANG_WARN_EMPTY_BODY = YES;
				CLANG_WARN_ENUM_CONVERSION = YES;
				CLANG_WARN_INFINITE_RECURSION = YES;
				CLANG_WARN_INT_CONVERSION = YES;
				CLANG_WARN_NON_LITERAL_NULL_CONVERSION = YES;
				CLANG_WARN_OBJC_IMPLICIT_RETAIN_SELF = YES;
				CLANG_WARN_OBJC_LITERAL_CONVERSION = YES;
				CLANG_WARN_OBJC_ROOT_CLASS = YES_ERROR;
				CLANG_WARN_RANGE_LOOP_ANALYSIS = YES;
				CLANG_WARN_STRICT_PROTOTYPES = YES;
				CLANG_WARN_SUSPICIOUS_MOVE = YES;
				CLANG_WARN_UNGUARDED_AVAILABILITY = YES_AGGRESSIVE;
				CLANG_WARN_UNREACHABLE_CODE = YES;
				CLANG_WARN__DUPLICATE_METHOD_MATCH = YES;
				COPY_PHASE_STRIP = NO;
				DEBUG_INFORMATION_FORMAT = dwarf;
				ENABLE_STRICT_OBJC_MSGSEND = YES;
				ENABLE_TESTABILITY = YES;
				GCC_C_LANGUAGE_STANDARD = gnu11;
				GCC_DYNAMIC_NO_PIC = NO;
				GCC_NO_COMMON_BLOCKS = YES;
				GCC_OPTIMIZATION_LEVEL = 0;
				GCC_PREPROCESSOR_DEFINITIONS = (
					"DEBUG=1",
					"$(inherited)",
				);
				GCC_WARN_64_TO_32_BIT_CONVERSION = YES;
				GCC_WARN_ABOUT_RETURN_TYPE = YES_ERROR;
				GCC_WARN_UNDECLARED_SELECTOR = YES;
				GCC_WARN_UNINITIALIZED_AUTOS = YES_AGGRESSIVE;
				GCC_WARN_UNUSED_FUNCTION = YES;
				GCC_WARN_UNUSED_VARIABLE = YES;
				IPHONEOS_DEPLOYMENT_TARGET = 13.6;
				MTL_ENABLE_DEBUG_INFO = INCLUDE_SOURCE;
				MTL_FAST_MATH = YES;
				ONLY_ACTIVE_ARCH = YES;
				SDKROOT = iphoneos;
				SWIFT_ACTIVE_COMPILATION_CONDITIONS = DEBUG;
				SWIFT_OPTIMIZATION_LEVEL = "-Onone";
			};
			name = Debug;
		};
		A4BDF37A24CBEBF5000745D7 /* Release */ = {
			isa = XCBuildConfiguration;
			buildSettings = {
				ALWAYS_SEARCH_USER_PATHS = NO;
				CLANG_ANALYZER_NONNULL = YES;
				CLANG_ANALYZER_NUMBER_OBJECT_CONVERSION = YES_AGGRESSIVE;
				CLANG_CXX_LANGUAGE_STANDARD = "gnu++14";
				CLANG_CXX_LIBRARY = "libc++";
				CLANG_ENABLE_MODULES = YES;
				CLANG_ENABLE_OBJC_ARC = YES;
				CLANG_ENABLE_OBJC_WEAK = YES;
				CLANG_WARN_BLOCK_CAPTURE_AUTORELEASING = YES;
				CLANG_WARN_BOOL_CONVERSION = YES;
				CLANG_WARN_COMMA = YES;
				CLANG_WARN_CONSTANT_CONVERSION = YES;
				CLANG_WARN_DEPRECATED_OBJC_IMPLEMENTATIONS = YES;
				CLANG_WARN_DIRECT_OBJC_ISA_USAGE = YES_ERROR;
				CLANG_WARN_DOCUMENTATION_COMMENTS = YES;
				CLANG_WARN_EMPTY_BODY = YES;
				CLANG_WARN_ENUM_CONVERSION = YES;
				CLANG_WARN_INFINITE_RECURSION = YES;
				CLANG_WARN_INT_CONVERSION = YES;
				CLANG_WARN_NON_LITERAL_NULL_CONVERSION = YES;
				CLANG_WARN_OBJC_IMPLICIT_RETAIN_SELF = YES;
				CLANG_WARN_OBJC_LITERAL_CONVERSION = YES;
				CLANG_WARN_OBJC_ROOT_CLASS = YES_ERROR;
				CLANG_WARN_RANGE_LOOP_ANALYSIS = YES;
				CLANG_WARN_STRICT_PROTOTYPES = YES;
				CLANG_WARN_SUSPICIOUS_MOVE = YES;
				CLANG_WARN_UNGUARDED_AVAILABILITY = YES_AGGRESSIVE;
				CLANG_WARN_UNREACHABLE_CODE = YES;
				CLANG_WARN__DUPLICATE_METHOD_MATCH = YES;
				COPY_PHASE_STRIP = NO;
				DEBUG_INFORMATION_FORMAT = "dwarf-with-dsym";
				ENABLE_NS_ASSERTIONS = NO;
				ENABLE_STRICT_OBJC_MSGSEND = YES;
				GCC_C_LANGUAGE_STANDARD = gnu11;
				GCC_NO_COMMON_BLOCKS = YES;
				GCC_WARN_64_TO_32_BIT_CONVERSION = YES;
				GCC_WARN_ABOUT_RETURN_TYPE = YES_ERROR;
				GCC_WARN_UNDECLARED_SELECTOR = YES;
				GCC_WARN_UNINITIALIZED_AUTOS = YES_AGGRESSIVE;
				GCC_WARN_UNUSED_FUNCTION = YES;
				GCC_WARN_UNUSED_VARIABLE = YES;
				IPHONEOS_DEPLOYMENT_TARGET = 13.6;
				MTL_ENABLE_DEBUG_INFO = NO;
				MTL_FAST_MATH = YES;
				SDKROOT = iphoneos;
				SWIFT_COMPILATION_MODE = wholemodule;
				SWIFT_OPTIMIZATION_LEVEL = "-O";
				VALIDATE_PRODUCT = YES;
			};
			name = Release;
		};
		A4BDF37C24CBEBF5000745D7 /* Debug */ = {
			isa = XCBuildConfiguration;
			baseConfigurationReference = 8A2205BCBEBFB1D79D036198 /* Pods-SampleDEV.debug.xcconfig */;
			buildSettings = {
				ASSETCATALOG_COMPILER_APPICON_NAME = AppIcon;
				CODE_SIGN_STYLE = Automatic;
				DEVELOPMENT_ASSET_PATHS = "\"SampleDEV/Preview Content\"";
				ENABLE_PREVIEWS = YES;
				INFOPLIST_FILE = SampleDEV/Info.plist;
				LD_RUNPATH_SEARCH_PATHS = (
					"$(inherited)",
					"@executable_path/Frameworks",
				);
				PRODUCT_BUNDLE_IDENTIFIER = Artyom.mihailovich.SampleDEV;
				PRODUCT_NAME = "$(TARGET_NAME)";
				SWIFT_VERSION = 5.0;
				TARGETED_DEVICE_FAMILY = 1;
			};
			name = Debug;
		};
		A4BDF37D24CBEBF5000745D7 /* Release */ = {
			isa = XCBuildConfiguration;
			baseConfigurationReference = F0726E4D21299B9C3CCA6EF3 /* Pods-SampleDEV.release.xcconfig */;
			buildSettings = {
				ASSETCATALOG_COMPILER_APPICON_NAME = AppIcon;
				CODE_SIGN_STYLE = Automatic;
				DEVELOPMENT_ASSET_PATHS = "\"SampleDEV/Preview Content\"";
				ENABLE_PREVIEWS = YES;
				INFOPLIST_FILE = SampleDEV/Info.plist;
				LD_RUNPATH_SEARCH_PATHS = (
					"$(inherited)",
					"@executable_path/Frameworks",
				);
				PRODUCT_BUNDLE_IDENTIFIER = Artyom.mihailovich.SampleDEV;
				PRODUCT_NAME = "$(TARGET_NAME)";
				SWIFT_VERSION = 5.0;
				TARGETED_DEVICE_FAMILY = 1;
			};
			name = Release;
		};
		A4BDF37F24CBEBF5000745D7 /* Debug */ = {
			isa = XCBuildConfiguration;
			buildSettings = {
				ALWAYS_EMBED_SWIFT_STANDARD_LIBRARIES = YES;
				BUNDLE_LOADER = "$(TEST_HOST)";
				CODE_SIGN_STYLE = Automatic;
				INFOPLIST_FILE = SampleDEVTests/Info.plist;
				IPHONEOS_DEPLOYMENT_TARGET = 13.6;
				LD_RUNPATH_SEARCH_PATHS = (
					"$(inherited)",
					"@executable_path/Frameworks",
					"@loader_path/Frameworks",
				);
				PRODUCT_BUNDLE_IDENTIFIER = Artyom.mihailovich.SampleDEVTests;
				PRODUCT_NAME = "$(TARGET_NAME)";
				SWIFT_VERSION = 5.0;
				TARGETED_DEVICE_FAMILY = "1,2";
				TEST_HOST = "$(BUILT_PRODUCTS_DIR)/SampleDEV.app/SampleDEV";
			};
			name = Debug;
		};
		A4BDF38024CBEBF5000745D7 /* Release */ = {
			isa = XCBuildConfiguration;
			buildSettings = {
				ALWAYS_EMBED_SWIFT_STANDARD_LIBRARIES = YES;
				BUNDLE_LOADER = "$(TEST_HOST)";
				CODE_SIGN_STYLE = Automatic;
				INFOPLIST_FILE = SampleDEVTests/Info.plist;
				IPHONEOS_DEPLOYMENT_TARGET = 13.6;
				LD_RUNPATH_SEARCH_PATHS = (
					"$(inherited)",
					"@executable_path/Frameworks",
					"@loader_path/Frameworks",
				);
				PRODUCT_BUNDLE_IDENTIFIER = Artyom.mihailovich.SampleDEVTests;
				PRODUCT_NAME = "$(TARGET_NAME)";
				SWIFT_VERSION = 5.0;
				TARGETED_DEVICE_FAMILY = "1,2";
				TEST_HOST = "$(BUILT_PRODUCTS_DIR)/SampleDEV.app/SampleDEV";
			};
			name = Release;
		};
		A4BDF38224CBEBF5000745D7 /* Debug */ = {
			isa = XCBuildConfiguration;
			buildSettings = {
				ALWAYS_EMBED_SWIFT_STANDARD_LIBRARIES = YES;
				CODE_SIGN_STYLE = Automatic;
				INFOPLIST_FILE = SampleDEVUITests/Info.plist;
				LD_RUNPATH_SEARCH_PATHS = (
					"$(inherited)",
					"@executable_path/Frameworks",
					"@loader_path/Frameworks",
				);
				PRODUCT_BUNDLE_IDENTIFIER = Artyom.mihailovich.SampleDEVUITests;
				PRODUCT_NAME = "$(TARGET_NAME)";
				SWIFT_VERSION = 5.0;
				TARGETED_DEVICE_FAMILY = "1,2";
				TEST_TARGET_NAME = SampleDEV;
			};
			name = Debug;
		};
		A4BDF38324CBEBF5000745D7 /* Release */ = {
			isa = XCBuildConfiguration;
			buildSettings = {
				ALWAYS_EMBED_SWIFT_STANDARD_LIBRARIES = YES;
				CODE_SIGN_STYLE = Automatic;
				INFOPLIST_FILE = SampleDEVUITests/Info.plist;
				LD_RUNPATH_SEARCH_PATHS = (
					"$(inherited)",
					"@executable_path/Frameworks",
					"@loader_path/Frameworks",
				);
				PRODUCT_BUNDLE_IDENTIFIER = Artyom.mihailovich.SampleDEVUITests;
				PRODUCT_NAME = "$(TARGET_NAME)";
				SWIFT_VERSION = 5.0;
				TARGETED_DEVICE_FAMILY = "1,2";
				TEST_TARGET_NAME = SampleDEV;
			};
			name = Release;
		};
/* End XCBuildConfiguration section */

/* Begin XCConfigurationList section */
		A4BDF34C24CBEBF3000745D7 /* Build configuration list for PBXProject "SampleDEV" */ = {
			isa = XCConfigurationList;
			buildConfigurations = (
				A4BDF37924CBEBF5000745D7 /* Debug */,
				A4BDF37A24CBEBF5000745D7 /* Release */,
			);
			defaultConfigurationIsVisible = 0;
			defaultConfigurationName = Release;
		};
		A4BDF37B24CBEBF5000745D7 /* Build configuration list for PBXNativeTarget "SampleDEV" */ = {
			isa = XCConfigurationList;
			buildConfigurations = (
				A4BDF37C24CBEBF5000745D7 /* Debug */,
				A4BDF37D24CBEBF5000745D7 /* Release */,
			);
			defaultConfigurationIsVisible = 0;
			defaultConfigurationName = Release;
		};
		A4BDF37E24CBEBF5000745D7 /* Build configuration list for PBXNativeTarget "SampleDEVTests" */ = {
			isa = XCConfigurationList;
			buildConfigurations = (
				A4BDF37F24CBEBF5000745D7 /* Debug */,
				A4BDF38024CBEBF5000745D7 /* Release */,
			);
			defaultConfigurationIsVisible = 0;
			defaultConfigurationName = Release;
		};
		A4BDF38124CBEBF5000745D7 /* Build configuration list for PBXNativeTarget "SampleDEVUITests" */ = {
			isa = XCConfigurationList;
			buildConfigurations = (
				A4BDF38224CBEBF5000745D7 /* Debug */,
				A4BDF38324CBEBF5000745D7 /* Release */,
			);
			defaultConfigurationIsVisible = 0;
			defaultConfigurationName = Release;
		};
/* End XCConfigurationList section */
	};
	rootObject = A4BDF34924CBEBF3000745D7 /* Project object */;
}
